// !$*UTF8*$!
{
	archiveVersion = 1;
	classes = {
	};
	objectVersion = 56;
	objects = {

/* Begin PBXBuildFile section */
		91F4083228846695008FFC25 /* AppToCheckEnhancedAndManualAXStatusesApp.swift in Sources */ = {isa = PBXBuildFile; fileRef = 91F4083128846695008FFC25 /* AppToCheckEnhancedAndManualAXStatusesApp.swift */; };
		91F4083428846695008FFC25 /* ContentView.swift in Sources */ = {isa = PBXBuildFile; fileRef = 91F4083328846695008FFC25 /* ContentView.swift */; };
		91F4083628846697008FFC25 /* Assets.xcassets in Resources */ = {isa = PBXBuildFile; fileRef = 91F4083528846697008FFC25 /* Assets.xcassets */; };
		91F4083928846697008FFC25 /* Preview Assets.xcassets in Resources */ = {isa = PBXBuildFile; fileRef = 91F4083828846697008FFC25 /* Preview Assets.xcassets */; };
		91F40841288473B9008FFC25 /* AppDelegate.swift in Sources */ = {isa = PBXBuildFile; fileRef = 91F40840288473B9008FFC25 /* AppDelegate.swift */; };
/* End PBXBuildFile section */

/* Begin PBXFileReference section */
		91F4082E28846695008FFC25 /* AppToCheckEnhancedAndManualAXStatuses.app */ = {isa = PBXFileReference; explicitFileType = wrapper.application; includeInIndex = 0; path = AppToCheckEnhancedAndManualAXStatuses.app; sourceTree = BUILT_PRODUCTS_DIR; };
		91F4083128846695008FFC25 /* AppToCheckEnhancedAndManualAXStatusesApp.swift */ = {isa = PBXFileReference; lastKnownFileType = sourcecode.swift; path = AppToCheckEnhancedAndManualAXStatusesApp.swift; sourceTree = "<group>"; };
		91F4083328846695008FFC25 /* ContentView.swift */ = {isa = PBXFileReference; lastKnownFileType = sourcecode.swift; path = ContentView.swift; sourceTree = "<group>"; };
		91F4083528846697008FFC25 /* Assets.xcassets */ = {isa = PBXFileReference; lastKnownFileType = folder.assetcatalog; path = Assets.xcassets; sourceTree = "<group>"; };
		91F4083828846697008FFC25 /* Preview Assets.xcassets */ = {isa = PBXFileReference; lastKnownFileType = folder.assetcatalog; path = "Preview Assets.xcassets"; sourceTree = "<group>"; };
		91F4083A28846697008FFC25 /* AppToCheckEnhancedAndManualAXStatuses.entitlements */ = {isa = PBXFileReference; lastKnownFileType = text.plist.entitlements; path = AppToCheckEnhancedAndManualAXStatuses.entitlements; sourceTree = "<group>"; };
		91F40840288473B9008FFC25 /* AppDelegate.swift */ = {isa = PBXFileReference; lastKnownFileType = sourcecode.swift; path = AppDelegate.swift; sourceTree = "<group>"; };
/* End PBXFileReference section */

/* Begin PBXFrameworksBuildPhase section */
		91F4082B28846695008FFC25 /* Frameworks */ = {
			isa = PBXFrameworksBuildPhase;
			buildActionMask = 2147483647;
			files = (
			);
			runOnlyForDeploymentPostprocessing = 0;
		};
/* End PBXFrameworksBuildPhase section */

/* Begin PBXGroup section */
		91F4082528846695008FFC25 = {
			isa = PBXGroup;
			children = (
				91F4083028846695008FFC25 /* AppToCheckEnhancedAndManualAXStatuses */,
				91F4082F28846695008FFC25 /* Products */,
			);
			sourceTree = "<group>";
		};
		91F4082F28846695008FFC25 /* Products */ = {
			isa = PBXGroup;
			children = (
				91F4082E28846695008FFC25 /* AppToCheckEnhancedAndManualAXStatuses.app */,
			);
			name = Products;
			sourceTree = "<group>";
		};
		91F4083028846695008FFC25 /* AppToCheckEnhancedAndManualAXStatuses */ = {
			isa = PBXGroup;
			children = (
				91F4083128846695008FFC25 /* AppToCheckEnhancedAndManualAXStatusesApp.swift */,
				91F40840288473B9008FFC25 /* AppDelegate.swift */,
				91F4083328846695008FFC25 /* ContentView.swift */,
				91F4083528846697008FFC25 /* Assets.xcassets */,
				91F4083A28846697008FFC25 /* AppToCheckEnhancedAndManualAXStatuses.entitlements */,
				91F4083728846697008FFC25 /* Preview Content */,
			);
			path = AppToCheckEnhancedAndManualAXStatuses;
			sourceTree = "<group>";
		};
		91F4083728846697008FFC25 /* Preview Content */ = {
			isa = PBXGroup;
			children = (
				91F4083828846697008FFC25 /* Preview Assets.xcassets */,
			);
			path = "Preview Content";
			sourceTree = "<group>";
		};
/* End PBXGroup section */

/* Begin PBXNativeTarget section */
		91F4082D28846695008FFC25 /* AppToCheckEnhancedAndManualAXStatuses */ = {
			isa = PBXNativeTarget;
			buildConfigurationList = 91F4083D28846697008FFC25 /* Build configuration list for PBXNativeTarget "AppToCheckEnhancedAndManualAXStatuses" */;
			buildPhases = (
				91F4082A28846695008FFC25 /* Sources */,
				91F4082B28846695008FFC25 /* Frameworks */,
				91F4082C28846695008FFC25 /* Resources */,
			);
			buildRules = (
			);
			dependencies = (
			);
			name = AppToCheckEnhancedAndManualAXStatuses;
			productName = AppToCheckEnhancedAndManualAXStatuses;
			productReference = 91F4082E28846695008FFC25 /* AppToCheckEnhancedAndManualAXStatuses.app */;
			productType = "com.apple.product-type.application";
		};
/* End PBXNativeTarget section */

/* Begin PBXProject section */
		91F4082628846695008FFC25 /* Project object */ = {
			isa = PBXProject;
			attributes = {
				BuildIndependentTargetsInParallel = 1;
				LastSwiftUpdateCheck = 1400;
				LastUpgradeCheck = 1400;
				TargetAttributes = {
					91F4082D28846695008FFC25 = {
						CreatedOnToolsVersion = 14.0;
					};
				};
			};
			buildConfigurationList = 91F4082928846695008FFC25 /* Build configuration list for PBXProject "AppToCheckEnhancedAndManualAXStatuses" */;
			compatibilityVersion = "Xcode 14.0";
			developmentRegion = en;
			hasScannedForEncodings = 0;
			knownRegions = (
				en,
				Base,
			);
			mainGroup = 91F4082528846695008FFC25;
			productRefGroup = 91F4082F28846695008FFC25 /* Products */;
			projectDirPath = "";
			projectRoot = "";
			targets = (
				91F4082D28846695008FFC25 /* AppToCheckEnhancedAndManualAXStatuses */,
			);
		};
/* End PBXProject section */

/* Begin PBXResourcesBuildPhase section */
		91F4082C28846695008FFC25 /* Resources */ = {
			isa = PBXResourcesBuildPhase;
			buildActionMask = 2147483647;
			files = (
				91F4083928846697008FFC25 /* Preview Assets.xcassets in Resources */,
				91F4083628846697008FFC25 /* Assets.xcassets in Resources */,
			);
			runOnlyForDeploymentPostprocessing = 0;
		};
/* End PBXResourcesBuildPhase section */

/* Begin PBXSourcesBuildPhase section */
		91F4082A28846695008FFC25 /* Sources */ = {
			isa = PBXSourcesBuildPhase;
			buildActionMask = 2147483647;
			files = (
				91F40841288473B9008FFC25 /* AppDelegate.swift in Sources */,
				91F4083428846695008FFC25 /* ContentView.swift in Sources */,
				91F4083228846695008FFC25 /* AppToCheckEnhancedAndManualAXStatusesApp.swift in Sources */,
			);
			runOnlyForDeploymentPostprocessing = 0;
		};
/* End PBXSourcesBuildPhase section */

/* Begin XCBuildConfiguration section */
		91F4083B28846697008FFC25 /* Debug */ = {
			isa = XCBuildConfiguration;
			buildSettings = {
				ALWAYS_SEARCH_USER_PATHS = NO;
				CLANG_ANALYZER_NONNULL = YES;
				CLANG_ANALYZER_NUMBER_OBJECT_CONVERSION = YES_AGGRESSIVE;
				CLANG_CXX_LANGUAGE_STANDARD = "gnu++20";
				CLANG_ENABLE_MODULES = YES;
				CLANG_ENABLE_OBJC_ARC = YES;
				CLANG_ENABLE_OBJC_WEAK = YES;
				CLANG_WARN_BLOCK_CAPTURE_AUTORELEASING = YES;
				CLANG_WARN_BOOL_CONVERSION = YES;
				CLANG_WARN_COMMA = YES;
				CLANG_WARN_CONSTANT_CONVERSION = YES;
				CLANG_WARN_DEPRECATED_OBJC_IMPLEMENTATIONS = YES;
				CLANG_WARN_DIRECT_OBJC_ISA_USAGE = YES_ERROR;
				CLANG_WARN_DOCUMENTATION_COMMENTS = YES;
				CLANG_WARN_EMPTY_BODY = YES;
				CLANG_WARN_ENUM_CONVERSION = YES;
				CLANG_WARN_INFINITE_RECURSION = YES;
				CLANG_WARN_INT_CONVERSION = YES;
				CLANG_WARN_NON_LITERAL_NULL_CONVERSION = YES;
				CLANG_WARN_OBJC_IMPLICIT_RETAIN_SELF = YES;
				CLANG_WARN_OBJC_LITERAL_CONVERSION = YES;
				CLANG_WARN_OBJC_ROOT_CLASS = YES_ERROR;
				CLANG_WARN_QUOTED_INCLUDE_IN_FRAMEWORK_HEADER = YES;
				CLANG_WARN_RANGE_LOOP_ANALYSIS = YES;
				CLANG_WARN_STRICT_PROTOTYPES = YES;
				CLANG_WARN_SUSPICIOUS_MOVE = YES;
				CLANG_WARN_UNGUARDED_AVAILABILITY = YES_AGGRESSIVE;
				CLANG_WARN_UNREACHABLE_CODE = YES;
				CLANG_WARN__DUPLICATE_METHOD_MATCH = YES;
				COPY_PHASE_STRIP = NO;
				DEBUG_INFORMATION_FORMAT = dwarf;
				ENABLE_STRICT_OBJC_MSGSEND = YES;
				ENABLE_TESTABILITY = YES;
				GCC_C_LANGUAGE_STANDARD = gnu11;
				GCC_DYNAMIC_NO_PIC = NO;
				GCC_NO_COMMON_BLOCKS = YES;
				GCC_OPTIMIZATION_LEVEL = 0;
				GCC_PREPROCESSOR_DEFINITIONS = (
					"DEBUG=1",
					"$(inherited)",
				);
				GCC_WARN_64_TO_32_BIT_CONVERSION = YES;
				GCC_WARN_ABOUT_RETURN_TYPE = YES_ERROR;
				GCC_WARN_UNDECLARED_SELECTOR = YES;
				GCC_WARN_UNINITIALIZED_AUTOS = YES_AGGRESSIVE;
				GCC_WARN_UNUSED_FUNCTION = YES;
				GCC_WARN_UNUSED_VARIABLE = YES;
				MACOSX_DEPLOYMENT_TARGET = 13.0;
				MTL_ENABLE_DEBUG_INFO = INCLUDE_SOURCE;
				MTL_FAST_MATH = YES;
				ONLY_ACTIVE_ARCH = YES;
				SDKROOT = macosx;
				SWIFT_ACTIVE_COMPILATION_CONDITIONS = DEBUG;
				SWIFT_OPTIMIZATION_LEVEL = "-Onone";
			};
			name = Debug;
		};
		91F4083C28846697008FFC25 /* Release */ = {
			isa = XCBuildConfiguration;
			buildSettings = {
				ALWAYS_SEARCH_USER_PATHS = NO;
				CLANG_ANALYZER_NONNULL = YES;
				CLANG_ANALYZER_NUMBER_OBJECT_CONVERSION = YES_AGGRESSIVE;
				CLANG_CXX_LANGUAGE_STANDARD = "gnu++20";
				CLANG_ENABLE_MODULES = YES;
				CLANG_ENABLE_OBJC_ARC = YES;
				CLANG_ENABLE_OBJC_WEAK = YES;
				CLANG_WARN_BLOCK_CAPTURE_AUTORELEASING = YES;
				CLANG_WARN_BOOL_CONVERSION = YES;
				CLANG_WARN_COMMA = YES;
				CLANG_WARN_CONSTANT_CONVERSION = YES;
				CLANG_WARN_DEPRECATED_OBJC_IMPLEMENTATIONS = YES;
				CLANG_WARN_DIRECT_OBJC_ISA_USAGE = YES_ERROR;
				CLANG_WARN_DOCUMENTATION_COMMENTS = YES;
				CLANG_WARN_EMPTY_BODY = YES;
				CLANG_WARN_ENUM_CONVERSION = YES;
				CLANG_WARN_INFINITE_RECURSION = YES;
				CLANG_WARN_INT_CONVERSION = YES;
				CLANG_WARN_NON_LITERAL_NULL_CONVERSION = YES;
				CLANG_WARN_OBJC_IMPLICIT_RETAIN_SELF = YES;
				CLANG_WARN_OBJC_LITERAL_CONVERSION = YES;
				CLANG_WARN_OBJC_ROOT_CLASS = YES_ERROR;
				CLANG_WARN_QUOTED_INCLUDE_IN_FRAMEWORK_HEADER = YES;
				CLANG_WARN_RANGE_LOOP_ANALYSIS = YES;
				CLANG_WARN_STRICT_PROTOTYPES = YES;
				CLANG_WARN_SUSPICIOUS_MOVE = YES;
				CLANG_WARN_UNGUARDED_AVAILABILITY = YES_AGGRESSIVE;
				CLANG_WARN_UNREACHABLE_CODE = YES;
				CLANG_WARN__DUPLICATE_METHOD_MATCH = YES;
				COPY_PHASE_STRIP = NO;
				DEBUG_INFORMATION_FORMAT = "dwarf-with-dsym";
				ENABLE_NS_ASSERTIONS = NO;
				ENABLE_STRICT_OBJC_MSGSEND = YES;
				GCC_C_LANGUAGE_STANDARD = gnu11;
				GCC_NO_COMMON_BLOCKS = YES;
				GCC_WARN_64_TO_32_BIT_CONVERSION = YES;
				GCC_WARN_ABOUT_RETURN_TYPE = YES_ERROR;
				GCC_WARN_UNDECLARED_SELECTOR = YES;
				GCC_WARN_UNINITIALIZED_AUTOS = YES_AGGRESSIVE;
				GCC_WARN_UNUSED_FUNCTION = YES;
				GCC_WARN_UNUSED_VARIABLE = YES;
				MACOSX_DEPLOYMENT_TARGET = 13.0;
				MTL_ENABLE_DEBUG_INFO = NO;
				MTL_FAST_MATH = YES;
				SDKROOT = macosx;
				SWIFT_COMPILATION_MODE = wholemodule;
				SWIFT_OPTIMIZATION_LEVEL = "-O";
			};
			name = Release;
		};
		91F4083E28846697008FFC25 /* Debug */ = {
			isa = XCBuildConfiguration;
			buildSettings = {
				ASSETCATALOG_COMPILER_APPICON_NAME = AppIcon;
				ASSETCATALOG_COMPILER_GLOBAL_ACCENT_COLOR_NAME = AccentColor;
				CODE_SIGN_ENTITLEMENTS = AppToCheckEnhancedAndManualAXStatuses/AppToCheckEnhancedAndManualAXStatuses.entitlements;
				CODE_SIGN_STYLE = Automatic;
				COMBINE_HIDPI_IMAGES = YES;
				CURRENT_PROJECT_VERSION = 1;
				DEVELOPMENT_ASSET_PATHS = "\"AppToCheckEnhancedAndManualAXStatuses/Preview Content\"";
				DEVELOPMENT_TEAM = ZX49WKA8QN;
				ENABLE_HARDENED_RUNTIME = YES;
				ENABLE_PREVIEWS = YES;
				GENERATE_INFOPLIST_FILE = YES;
				INFOPLIST_KEY_NSHumanReadableCopyright = "";
				LD_RUNPATH_SEARCH_PATHS = (
					"$(inherited)",
					"@executable_path/../Frameworks",
				);
				MARKETING_VERSION = 1.0;
				PRODUCT_BUNDLE_IDENTIFIER = mo.com.sleeplessmind.WooshyWindowToTheForeground.AppToCheckEnhancedAndManualAXStatuses;
				PRODUCT_NAME = "$(TARGET_NAME)";
				SWIFT_EMIT_LOC_STRINGS = YES;
				SWIFT_VERSION = 5.0;
			};
			name = Debug;
		};
		91F4083F28846697008FFC25 /* Release */ = {
			isa = XCBuildConfiguration;
			buildSettings = {
				ASSETCATALOG_COMPILER_APPICON_NAME = AppIcon;
				ASSETCATALOG_COMPILER_GLOBAL_ACCENT_COLOR_NAME = AccentColor;
				CODE_SIGN_ENTITLEMENTS = AppToCheckEnhancedAndManualAXStatuses/AppToCheckEnhancedAndManualAXStatuses.entitlements;
				CODE_SIGN_STYLE = Automatic;
				COMBINE_HIDPI_IMAGES = YES;
				CURRENT_PROJECT_VERSION = 1;
				DEVELOPMENT_ASSET_PATHS = "\"AppToCheckEnhancedAndManualAXStatuses/Preview Content\"";
				DEVELOPMENT_TEAM = ZX49WKA8QN;
				ENABLE_HARDENED_RUNTIME = YES;
				ENABLE_PREVIEWS = YES;
				GENERATE_INFOPLIST_FILE = YES;
				INFOPLIST_KEY_NSHumanReadableCopyright = "";
				LD_RUNPATH_SEARCH_PATHS = (
					"$(inherited)",
					"@executable_path/../Frameworks",
				);
				MARKETING_VERSION = 1.0;
				PRODUCT_BUNDLE_IDENTIFIER = mo.com.sleeplessmind.WooshyWindowToTheForeground.AppToCheckEnhancedAndManualAXStatuses;
				PRODUCT_NAME = "$(TARGET_NAME)";
				SWIFT_EMIT_LOC_STRINGS = YES;
				SWIFT_VERSION = 5.0;
			};
			name = Release;
		};
/* End XCBuildConfiguration section */

/* Begin XCConfigurationList section */
		91F4082928846695008FFC25 /* Build configuration list for PBXProject "AppToCheckEnhancedAndManualAXStatuses" */ = {
			isa = XCConfigurationList;
			buildConfigurations = (
				91F4083B28846697008FFC25 /* Debug */,
				91F4083C28846697008FFC25 /* Release */,
			);
			defaultConfigurationIsVisible = 0;
			defaultConfigurationName = Release;
		};
		91F4083D28846697008FFC25 /* Build configuration list for PBXNativeTarget "AppToCheckEnhancedAndManualAXStatuses" */ = {
			isa = XCConfigurationList;
			buildConfigurations = (
				91F4083E28846697008FFC25 /* Debug */,
				91F4083F28846697008FFC25 /* Release */,
			);
			defaultConfigurationIsVisible = 0;
			defaultConfigurationName = Release;
		};
/* End XCConfigurationList section */
	};
	rootObject = 91F4082628846695008FFC25 /* Project object */;
}
